// !$*UTF8*$!
{
	archiveVersion = 1;
	classes = {
	};
	objectVersion = 56;
	objects = {

/* Begin PBXBuildFile section */
		6138ACA02A29D956004C0E3D /* NameParser.swift in Sources */ = {isa = PBXBuildFile; fileRef = 6138AC9F2A29D956004C0E3D /* NameParser.swift */; };
		6138ACA22A29DC86004C0E3D /* product.json in Resources */ = {isa = PBXBuildFile; fileRef = 6138ACA12A29DC86004C0E3D /* product.json */; };
		617778992A273F4000DF58B9 /* SignUpView.swift in Sources */ = {isa = PBXBuildFile; fileRef = 617778982A273F4000DF58B9 /* SignUpView.swift */; };
		61E77DC92A27577600E647A8 /* Notification.swift in Sources */ = {isa = PBXBuildFile; fileRef = 61E77DC82A27577600E647A8 /* Notification.swift */; };
		640292DB2A2BEE57001FF1AB /* RequestManager.swift in Sources */ = {isa = PBXBuildFile; fileRef = 640292DA2A2BEE57001FF1AB /* RequestManager.swift */; };
		6420A01F2A2736C6007226C6 /* Bookmarks.swift in Sources */ = {isa = PBXBuildFile; fileRef = 6420A01E2A2736C6007226C6 /* Bookmarks.swift */; };
		6420A0212A2736DF007226C6 /* HomePage.swift in Sources */ = {isa = PBXBuildFile; fileRef = 6420A0202A2736DF007226C6 /* HomePage.swift */; };
		6420A0232A273704007226C6 /* ListItemView.swift in Sources */ = {isa = PBXBuildFile; fileRef = 6420A0222A273704007226C6 /* ListItemView.swift */; };
		6420A0252A273714007226C6 /* NextContentView.swift in Sources */ = {isa = PBXBuildFile; fileRef = 6420A0242A273714007226C6 /* NextContentView.swift */; };
		6420A0272A273731007226C6 /* ProductsView.swift in Sources */ = {isa = PBXBuildFile; fileRef = 6420A0262A273731007226C6 /* ProductsView.swift */; };
		6420A0292A273742007226C6 /* RecipesView.swift in Sources */ = {isa = PBXBuildFile; fileRef = 6420A0282A273742007226C6 /* RecipesView.swift */; };
		6420A02B2A273750007226C6 /* SettingsView.swift in Sources */ = {isa = PBXBuildFile; fileRef = 6420A02A2A273750007226C6 /* SettingsView.swift */; };
		6420A02E2A273791007226C6 /* RegisterView.swift in Sources */ = {isa = PBXBuildFile; fileRef = 6420A02D2A273791007226C6 /* RegisterView.swift */; };
		6420A0312A2737C5007226C6 /* TabData.swift in Sources */ = {isa = PBXBuildFile; fileRef = 6420A0302A2737C5007226C6 /* TabData.swift */; };
		646B5AEE2A13728C00D3C6DB /* be_freshApp.swift in Sources */ = {isa = PBXBuildFile; fileRef = 646B5AED2A13728C00D3C6DB /* be_freshApp.swift */; };
		646B5AF02A13728C00D3C6DB /* ContentView.swift in Sources */ = {isa = PBXBuildFile; fileRef = 646B5AEF2A13728C00D3C6DB /* ContentView.swift */; };
		646B5AF22A13728D00D3C6DB /* Assets.xcassets in Resources */ = {isa = PBXBuildFile; fileRef = 646B5AF12A13728D00D3C6DB /* Assets.xcassets */; };
		646B5AF52A13728D00D3C6DB /* Preview Assets.xcassets in Resources */ = {isa = PBXBuildFile; fileRef = 646B5AF42A13728D00D3C6DB /* Preview Assets.xcassets */; };
		646B5AF72A13728D00D3C6DB /* Persistence.swift in Sources */ = {isa = PBXBuildFile; fileRef = 646B5AF62A13728D00D3C6DB /* Persistence.swift */; };
		646B5AFA2A13728D00D3C6DB /* be_fresh.xcdatamodeld in Sources */ = {isa = PBXBuildFile; fileRef = 646B5AF82A13728D00D3C6DB /* be_fresh.xcdatamodeld */; };
		79AD12652A3654BB00379021 /* AboutView.swift in Sources */ = {isa = PBXBuildFile; fileRef = 79AD12642A3654BB00379021 /* AboutView.swift */; };
		79AD12672A36552400379021 /* AboutDetailView.swift in Sources */ = {isa = PBXBuildFile; fileRef = 79AD12662A36552400379021 /* AboutDetailView.swift */; };
/* End PBXBuildFile section */

/* Begin PBXFileReference section */
		6138AC9F2A29D956004C0E3D /* NameParser.swift */ = {isa = PBXFileReference; lastKnownFileType = sourcecode.swift; path = NameParser.swift; sourceTree = "<group>"; };
		6138ACA12A29DC86004C0E3D /* product.json */ = {isa = PBXFileReference; fileEncoding = 4; lastKnownFileType = text.json; path = product.json; sourceTree = "<group>"; };
		617778982A273F4000DF58B9 /* SignUpView.swift */ = {isa = PBXFileReference; lastKnownFileType = sourcecode.swift; path = SignUpView.swift; sourceTree = "<group>"; };
		61E77DC82A27577600E647A8 /* Notification.swift */ = {isa = PBXFileReference; lastKnownFileType = sourcecode.swift; path = Notification.swift; sourceTree = "<group>"; };
		640292DA2A2BEE57001FF1AB /* RequestManager.swift */ = {isa = PBXFileReference; lastKnownFileType = sourcecode.swift; path = RequestManager.swift; sourceTree = "<group>"; };
		6420A01E2A2736C6007226C6 /* Bookmarks.swift */ = {isa = PBXFileReference; lastKnownFileType = sourcecode.swift; path = Bookmarks.swift; sourceTree = "<group>"; };
		6420A0202A2736DF007226C6 /* HomePage.swift */ = {isa = PBXFileReference; lastKnownFileType = sourcecode.swift; path = HomePage.swift; sourceTree = "<group>"; };
		6420A0222A273704007226C6 /* ListItemView.swift */ = {isa = PBXFileReference; lastKnownFileType = sourcecode.swift; path = ListItemView.swift; sourceTree = "<group>"; };
		6420A0242A273714007226C6 /* NextContentView.swift */ = {isa = PBXFileReference; lastKnownFileType = sourcecode.swift; path = NextContentView.swift; sourceTree = "<group>"; };
		6420A0262A273731007226C6 /* ProductsView.swift */ = {isa = PBXFileReference; lastKnownFileType = sourcecode.swift; path = ProductsView.swift; sourceTree = "<group>"; };
		6420A0282A273742007226C6 /* RecipesView.swift */ = {isa = PBXFileReference; lastKnownFileType = sourcecode.swift; path = RecipesView.swift; sourceTree = "<group>"; };
		6420A02A2A273750007226C6 /* SettingsView.swift */ = {isa = PBXFileReference; lastKnownFileType = sourcecode.swift; path = SettingsView.swift; sourceTree = "<group>"; };
		6420A02D2A273791007226C6 /* RegisterView.swift */ = {isa = PBXFileReference; lastKnownFileType = sourcecode.swift; path = RegisterView.swift; sourceTree = "<group>"; };
		6420A0302A2737C5007226C6 /* TabData.swift */ = {isa = PBXFileReference; lastKnownFileType = sourcecode.swift; path = TabData.swift; sourceTree = "<group>"; };
		646B5AEA2A13728B00D3C6DB /* be-fresh.app */ = {isa = PBXFileReference; explicitFileType = wrapper.application; includeInIndex = 0; path = "be-fresh.app"; sourceTree = BUILT_PRODUCTS_DIR; };
		646B5AED2A13728C00D3C6DB /* be_freshApp.swift */ = {isa = PBXFileReference; lastKnownFileType = sourcecode.swift; path = be_freshApp.swift; sourceTree = "<group>"; };
		646B5AEF2A13728C00D3C6DB /* ContentView.swift */ = {isa = PBXFileReference; lastKnownFileType = sourcecode.swift; path = ContentView.swift; sourceTree = "<group>"; };
		646B5AF12A13728D00D3C6DB /* Assets.xcassets */ = {isa = PBXFileReference; lastKnownFileType = folder.assetcatalog; path = Assets.xcassets; sourceTree = "<group>"; };
		646B5AF42A13728D00D3C6DB /* Preview Assets.xcassets */ = {isa = PBXFileReference; lastKnownFileType = folder.assetcatalog; path = "Preview Assets.xcassets"; sourceTree = "<group>"; };
		646B5AF62A13728D00D3C6DB /* Persistence.swift */ = {isa = PBXFileReference; lastKnownFileType = sourcecode.swift; path = Persistence.swift; sourceTree = "<group>"; };
		646B5AF92A13728D00D3C6DB /* be_fresh.xcdatamodel */ = {isa = PBXFileReference; lastKnownFileType = wrapper.xcdatamodel; path = be_fresh.xcdatamodel; sourceTree = "<group>"; };
		79AD12642A3654BB00379021 /* AboutView.swift */ = {isa = PBXFileReference; lastKnownFileType = sourcecode.swift; path = AboutView.swift; sourceTree = "<group>"; };
		79AD12662A36552400379021 /* AboutDetailView.swift */ = {isa = PBXFileReference; lastKnownFileType = sourcecode.swift; path = AboutDetailView.swift; sourceTree = "<group>"; };
/* End PBXFileReference section */

/* Begin PBXFrameworksBuildPhase section */
		646B5AE72A13728B00D3C6DB /* Frameworks */ = {
			isa = PBXFrameworksBuildPhase;
			buildActionMask = 2147483647;
			files = (
			);
			runOnlyForDeploymentPostprocessing = 0;
		};
/* End PBXFrameworksBuildPhase section */

/* Begin PBXGroup section */
		6138AC9E2A29D93E004C0E3D /* JsonParser */ = {
			isa = PBXGroup;
			children = (
				6138ACA12A29DC86004C0E3D /* product.json */,
				6138AC9F2A29D956004C0E3D /* NameParser.swift */,
			);
			path = JsonParser;
			sourceTree = "<group>";
		};
		61E77DC72A27576000E647A8 /* NotifcationHandler */ = {
			isa = PBXGroup;
			children = (
				61E77DC82A27577600E647A8 /* Notification.swift */,
			);
			path = NotifcationHandler;
			sourceTree = "<group>";
		};
		6420A01D2A273664007226C6 /* Views */ = {
			isa = PBXGroup;
			children = (
				6420A01E2A2736C6007226C6 /* Bookmarks.swift */,
				6420A0202A2736DF007226C6 /* HomePage.swift */,
				6420A0222A273704007226C6 /* ListItemView.swift */,
				6420A0242A273714007226C6 /* NextContentView.swift */,
				6420A0262A273731007226C6 /* ProductsView.swift */,
				6420A0282A273742007226C6 /* RecipesView.swift */,
				6420A02A2A273750007226C6 /* SettingsView.swift */,
				79AD12642A3654BB00379021 /* AboutView.swift */,
				79AD12662A36552400379021 /* AboutDetailView.swift */,
			);
			path = Views;
			sourceTree = "<group>";
		};
		6420A02C2A273780007226C6 /* Login */ = {
			isa = PBXGroup;
			children = (
				6420A02D2A273791007226C6 /* RegisterView.swift */,
				617778982A273F4000DF58B9 /* SignUpView.swift */,
			);
			path = Login;
			sourceTree = "<group>";
		};
		6420A02F2A2737B4007226C6 /* Model */ = {
			isa = PBXGroup;
			children = (
				6420A0302A2737C5007226C6 /* TabData.swift */,
			);
			path = Model;
			sourceTree = "<group>";
		};
		646B5AE12A13728B00D3C6DB = {
			isa = PBXGroup;
			children = (
				646B5AEC2A13728B00D3C6DB /* be-fresh */,
				646B5AEB2A13728B00D3C6DB /* Products */,
			);
			sourceTree = "<group>";
		};
		646B5AEB2A13728B00D3C6DB /* Products */ = {
			isa = PBXGroup;
			children = (
				646B5AEA2A13728B00D3C6DB /* be-fresh.app */,
			);
			name = Products;
			sourceTree = "<group>";
		};
		646B5AEC2A13728B00D3C6DB /* be-fresh */ = {
			isa = PBXGroup;
			children = (
				6138AC9E2A29D93E004C0E3D /* JsonParser */,
				61E77DC72A27576000E647A8 /* NotifcationHandler */,
				6420A02F2A2737B4007226C6 /* Model */,
				6420A02C2A273780007226C6 /* Login */,
				6420A01D2A273664007226C6 /* Views */,
				646B5AED2A13728C00D3C6DB /* be_freshApp.swift */,
				646B5AEF2A13728C00D3C6DB /* ContentView.swift */,
				640292DA2A2BEE57001FF1AB /* RequestManager.swift */,
				646B5AF12A13728D00D3C6DB /* Assets.xcassets */,
				646B5AF62A13728D00D3C6DB /* Persistence.swift */,
				646B5AF82A13728D00D3C6DB /* be_fresh.xcdatamodeld */,
				646B5AF32A13728D00D3C6DB /* Preview Content */,
			);
			path = "be-fresh";
			sourceTree = "<group>";
		};
		646B5AF32A13728D00D3C6DB /* Preview Content */ = {
			isa = PBXGroup;
			children = (
				646B5AF42A13728D00D3C6DB /* Preview Assets.xcassets */,
			);
			path = "Preview Content";
			sourceTree = "<group>";
		};
/* End PBXGroup section */

/* Begin PBXNativeTarget section */
		646B5AE92A13728B00D3C6DB /* be-fresh */ = {
			isa = PBXNativeTarget;
			buildConfigurationList = 646B5AFD2A13728D00D3C6DB /* Build configuration list for PBXNativeTarget "be-fresh" */;
			buildPhases = (
				646B5AE62A13728B00D3C6DB /* Sources */,
				646B5AE72A13728B00D3C6DB /* Frameworks */,
				646B5AE82A13728B00D3C6DB /* Resources */,
			);
			buildRules = (
			);
			dependencies = (
			);
			name = "be-fresh";
			productName = "be-fresh";
			productReference = 646B5AEA2A13728B00D3C6DB /* be-fresh.app */;
			productType = "com.apple.product-type.application";
		};
/* End PBXNativeTarget section */

/* Begin PBXProject section */
		646B5AE22A13728B00D3C6DB /* Project object */ = {
			isa = PBXProject;
			attributes = {
				BuildIndependentTargetsInParallel = 1;
				LastSwiftUpdateCheck = 1420;
				LastUpgradeCheck = 1420;
				TargetAttributes = {
					646B5AE92A13728B00D3C6DB = {
						CreatedOnToolsVersion = 14.2;
					};
				};
			};
			buildConfigurationList = 646B5AE52A13728B00D3C6DB /* Build configuration list for PBXProject "be-fresh" */;
			compatibilityVersion = "Xcode 14.0";
			developmentRegion = en;
			hasScannedForEncodings = 0;
			knownRegions = (
				en,
				Base,
			);
			mainGroup = 646B5AE12A13728B00D3C6DB;
			productRefGroup = 646B5AEB2A13728B00D3C6DB /* Products */;
			projectDirPath = "";
			projectRoot = "";
			targets = (
				646B5AE92A13728B00D3C6DB /* be-fresh */,
			);
		};
/* End PBXProject section */

/* Begin PBXResourcesBuildPhase section */
		646B5AE82A13728B00D3C6DB /* Resources */ = {
			isa = PBXResourcesBuildPhase;
			buildActionMask = 2147483647;
			files = (
				646B5AF52A13728D00D3C6DB /* Preview Assets.xcassets in Resources */,
				646B5AF22A13728D00D3C6DB /* Assets.xcassets in Resources */,
				6138ACA22A29DC86004C0E3D /* product.json in Resources */,
			);
			runOnlyForDeploymentPostprocessing = 0;
		};
/* End PBXResourcesBuildPhase section */

/* Begin PBXSourcesBuildPhase section */
		646B5AE62A13728B00D3C6DB /* Sources */ = {
			isa = PBXSourcesBuildPhase;
			buildActionMask = 2147483647;
			files = (
				640292DB2A2BEE57001FF1AB /* RequestManager.swift in Sources */,
				646B5AF72A13728D00D3C6DB /* Persistence.swift in Sources */,
				6420A0232A273704007226C6 /* ListItemView.swift in Sources */,
				6420A0312A2737C5007226C6 /* TabData.swift in Sources */,
				79AD12652A3654BB00379021 /* AboutView.swift in Sources */,
				6420A0292A273742007226C6 /* RecipesView.swift in Sources */,
				6138ACA02A29D956004C0E3D /* NameParser.swift in Sources */,
				6420A0212A2736DF007226C6 /* HomePage.swift in Sources */,
				6420A01F2A2736C6007226C6 /* Bookmarks.swift in Sources */,
				646B5AF02A13728C00D3C6DB /* ContentView.swift in Sources */,
				61E77DC92A27577600E647A8 /* Notification.swift in Sources */,
				79AD12672A36552400379021 /* AboutDetailView.swift in Sources */,
				6420A0252A273714007226C6 /* NextContentView.swift in Sources */,
				646B5AEE2A13728C00D3C6DB /* be_freshApp.swift in Sources */,
				646B5AFA2A13728D00D3C6DB /* be_fresh.xcdatamodeld in Sources */,
				617778992A273F4000DF58B9 /* SignUpView.swift in Sources */,
				6420A02E2A273791007226C6 /* RegisterView.swift in Sources */,
				6420A0272A273731007226C6 /* ProductsView.swift in Sources */,
				6420A02B2A273750007226C6 /* SettingsView.swift in Sources */,
			);
			runOnlyForDeploymentPostprocessing = 0;
		};
/* End PBXSourcesBuildPhase section */

/* Begin XCBuildConfiguration section */
		646B5AFB2A13728D00D3C6DB /* Debug */ = {
			isa = XCBuildConfiguration;
			buildSettings = {
				ALWAYS_SEARCH_USER_PATHS = NO;
				CLANG_ANALYZER_NONNULL = YES;
				CLANG_ANALYZER_NUMBER_OBJECT_CONVERSION = YES_AGGRESSIVE;
				CLANG_CXX_LANGUAGE_STANDARD = "gnu++20";
				CLANG_ENABLE_MODULES = YES;
				CLANG_ENABLE_OBJC_ARC = YES;
				CLANG_ENABLE_OBJC_WEAK = YES;
				CLANG_WARN_BLOCK_CAPTURE_AUTORELEASING = YES;
				CLANG_WARN_BOOL_CONVERSION = YES;
				CLANG_WARN_COMMA = YES;
				CLANG_WARN_CONSTANT_CONVERSION = YES;
				CLANG_WARN_DEPRECATED_OBJC_IMPLEMENTATIONS = YES;
				CLANG_WARN_DIRECT_OBJC_ISA_USAGE = YES_ERROR;
				CLANG_WARN_DOCUMENTATION_COMMENTS = YES;
				CLANG_WARN_EMPTY_BODY = YES;
				CLANG_WARN_ENUM_CONVERSION = YES;
				CLANG_WARN_INFINITE_RECURSION = YES;
				CLANG_WARN_INT_CONVERSION = YES;
				CLANG_WARN_NON_LITERAL_NULL_CONVERSION = YES;
				CLANG_WARN_OBJC_IMPLICIT_RETAIN_SELF = YES;
				CLANG_WARN_OBJC_LITERAL_CONVERSION = YES;
				CLANG_WARN_OBJC_ROOT_CLASS = YES_ERROR;
				CLANG_WARN_QUOTED_INCLUDE_IN_FRAMEWORK_HEADER = YES;
				CLANG_WARN_RANGE_LOOP_ANALYSIS = YES;
				CLANG_WARN_STRICT_PROTOTYPES = YES;
				CLANG_WARN_SUSPICIOUS_MOVE = YES;
				CLANG_WARN_UNGUARDED_AVAILABILITY = YES_AGGRESSIVE;
				CLANG_WARN_UNREACHABLE_CODE = YES;
				CLANG_WARN__DUPLICATE_METHOD_MATCH = YES;
				COPY_PHASE_STRIP = NO;
				DEBUG_INFORMATION_FORMAT = dwarf;
				ENABLE_STRICT_OBJC_MSGSEND = YES;
				ENABLE_TESTABILITY = YES;
				GCC_C_LANGUAGE_STANDARD = gnu11;
				GCC_DYNAMIC_NO_PIC = NO;
				GCC_NO_COMMON_BLOCKS = YES;
				GCC_OPTIMIZATION_LEVEL = 0;
				GCC_PREPROCESSOR_DEFINITIONS = (
					"DEBUG=1",
					"$(inherited)",
				);
				GCC_WARN_64_TO_32_BIT_CONVERSION = YES;
				GCC_WARN_ABOUT_RETURN_TYPE = YES_ERROR;
				GCC_WARN_UNDECLARED_SELECTOR = YES;
				GCC_WARN_UNINITIALIZED_AUTOS = YES_AGGRESSIVE;
				GCC_WARN_UNUSED_FUNCTION = YES;
				GCC_WARN_UNUSED_VARIABLE = YES;
				IPHONEOS_DEPLOYMENT_TARGET = 16.2;
				MTL_ENABLE_DEBUG_INFO = INCLUDE_SOURCE;
				MTL_FAST_MATH = YES;
				ONLY_ACTIVE_ARCH = YES;
				SDKROOT = iphoneos;
				SWIFT_ACTIVE_COMPILATION_CONDITIONS = DEBUG;
				SWIFT_OPTIMIZATION_LEVEL = "-Onone";
			};
			name = Debug;
		};
		646B5AFC2A13728D00D3C6DB /* Release */ = {
			isa = XCBuildConfiguration;
			buildSettings = {
				ALWAYS_SEARCH_USER_PATHS = NO;
				CLANG_ANALYZER_NONNULL = YES;
				CLANG_ANALYZER_NUMBER_OBJECT_CONVERSION = YES_AGGRESSIVE;
				CLANG_CXX_LANGUAGE_STANDARD = "gnu++20";
				CLANG_ENABLE_MODULES = YES;
				CLANG_ENABLE_OBJC_ARC = YES;
				CLANG_ENABLE_OBJC_WEAK = YES;
				CLANG_WARN_BLOCK_CAPTURE_AUTORELEASING = YES;
				CLANG_WARN_BOOL_CONVERSION = YES;
				CLANG_WARN_COMMA = YES;
				CLANG_WARN_CONSTANT_CONVERSION = YES;
				CLANG_WARN_DEPRECATED_OBJC_IMPLEMENTATIONS = YES;
				CLANG_WARN_DIRECT_OBJC_ISA_USAGE = YES_ERROR;
				CLANG_WARN_DOCUMENTATION_COMMENTS = YES;
				CLANG_WARN_EMPTY_BODY = YES;
				CLANG_WARN_ENUM_CONVERSION = YES;
				CLANG_WARN_INFINITE_RECURSION = YES;
				CLANG_WARN_INT_CONVERSION = YES;
				CLANG_WARN_NON_LITERAL_NULL_CONVERSION = YES;
				CLANG_WARN_OBJC_IMPLICIT_RETAIN_SELF = YES;
				CLANG_WARN_OBJC_LITERAL_CONVERSION = YES;
				CLANG_WARN_OBJC_ROOT_CLASS = YES_ERROR;
				CLANG_WARN_QUOTED_INCLUDE_IN_FRAMEWORK_HEADER = YES;
				CLANG_WARN_RANGE_LOOP_ANALYSIS = YES;
				CLANG_WARN_STRICT_PROTOTYPES = YES;
				CLANG_WARN_SUSPICIOUS_MOVE = YES;
				CLANG_WARN_UNGUARDED_AVAILABILITY = YES_AGGRESSIVE;
				CLANG_WARN_UNREACHABLE_CODE = YES;
				CLANG_WARN__DUPLICATE_METHOD_MATCH = YES;
				COPY_PHASE_STRIP = NO;
				DEBUG_INFORMATION_FORMAT = "dwarf-with-dsym";
				ENABLE_NS_ASSERTIONS = NO;
				ENABLE_STRICT_OBJC_MSGSEND = YES;
				GCC_C_LANGUAGE_STANDARD = gnu11;
				GCC_NO_COMMON_BLOCKS = YES;
				GCC_WARN_64_TO_32_BIT_CONVERSION = YES;
				GCC_WARN_ABOUT_RETURN_TYPE = YES_ERROR;
				GCC_WARN_UNDECLARED_SELECTOR = YES;
				GCC_WARN_UNINITIALIZED_AUTOS = YES_AGGRESSIVE;
				GCC_WARN_UNUSED_FUNCTION = YES;
				GCC_WARN_UNUSED_VARIABLE = YES;
				IPHONEOS_DEPLOYMENT_TARGET = 16.2;
				MTL_ENABLE_DEBUG_INFO = NO;
				MTL_FAST_MATH = YES;
				SDKROOT = iphoneos;
				SWIFT_COMPILATION_MODE = wholemodule;
				SWIFT_OPTIMIZATION_LEVEL = "-O";
				VALIDATE_PRODUCT = YES;
			};
			name = Release;
		};
		646B5AFE2A13728D00D3C6DB /* Debug */ = {
			isa = XCBuildConfiguration;
			buildSettings = {
				ASSETCATALOG_COMPILER_APPICON_NAME = AppIcon;
				ASSETCATALOG_COMPILER_GLOBAL_ACCENT_COLOR_NAME = AccentColor;
				CODE_SIGN_STYLE = Automatic;
				CURRENT_PROJECT_VERSION = 1;
				DEVELOPMENT_ASSET_PATHS = "\"be-fresh/Preview Content\"";
				DEVELOPMENT_TEAM = PSZLR7BATX;
				ENABLE_PREVIEWS = YES;
				GENERATE_INFOPLIST_FILE = YES;
				INFOPLIST_KEY_UIApplicationSceneManifest_Generation = YES;
				INFOPLIST_KEY_UIApplicationSupportsIndirectInputEvents = YES;
				INFOPLIST_KEY_UILaunchScreen_Generation = YES;
				INFOPLIST_KEY_UISupportedInterfaceOrientations_iPad = "UIInterfaceOrientationPortrait UIInterfaceOrientationPortraitUpsideDown UIInterfaceOrientationLandscapeLeft UIInterfaceOrientationLandscapeRight";
				INFOPLIST_KEY_UISupportedInterfaceOrientations_iPhone = "UIInterfaceOrientationPortrait UIInterfaceOrientationLandscapeLeft UIInterfaceOrientationLandscapeRight";
				IPHONEOS_DEPLOYMENT_TARGET = 16.0;
				LD_RUNPATH_SEARCH_PATHS = (
					"$(inherited)",
					"@executable_path/Frameworks",
				);
				MARKETING_VERSION = 1.0;
				PRODUCT_BUNDLE_IDENTIFIER = "com.example.be-fresh";
				PRODUCT_NAME = "$(TARGET_NAME)";
				SWIFT_EMIT_LOC_STRINGS = YES;
				SWIFT_VERSION = 5.0;
				TARGETED_DEVICE_FAMILY = "1,2";
			};
			name = Debug;
		};
		646B5AFF2A13728D00D3C6DB /* Release */ = {
			isa = XCBuildConfiguration;
			buildSettings = {
				ASSETCATALOG_COMPILER_APPICON_NAME = AppIcon;
				ASSETCATALOG_COMPILER_GLOBAL_ACCENT_COLOR_NAME = AccentColor;
				CODE_SIGN_STYLE = Automatic;
				CURRENT_PROJECT_VERSION = 1;
				DEVELOPMENT_ASSET_PATHS = "\"be-fresh/Preview Content\"";
				DEVELOPMENT_TEAM = PSZLR7BATX;
				ENABLE_PREVIEWS = YES;
				GENERATE_INFOPLIST_FILE = YES;
				INFOPLIST_KEY_UIApplicationSceneManifest_Generation = YES;
				INFOPLIST_KEY_UIApplicationSupportsIndirectInputEvents = YES;
				INFOPLIST_KEY_UILaunchScreen_Generation = YES;
				INFOPLIST_KEY_UISupportedInterfaceOrientations_iPad = "UIInterfaceOrientationPortrait UIInterfaceOrientationPortraitUpsideDown UIInterfaceOrientationLandscapeLeft UIInterfaceOrientationLandscapeRight";
				INFOPLIST_KEY_UISupportedInterfaceOrientations_iPhone = "UIInterfaceOrientationPortrait UIInterfaceOrientationLandscapeLeft UIInterfaceOrientationLandscapeRight";
				IPHONEOS_DEPLOYMENT_TARGET = 16.0;
				LD_RUNPATH_SEARCH_PATHS = (
					"$(inherited)",
					"@executable_path/Frameworks",
				);
				MARKETING_VERSION = 1.0;
				PRODUCT_BUNDLE_IDENTIFIER = "com.example.be-fresh";
				PRODUCT_NAME = "$(TARGET_NAME)";
				SWIFT_EMIT_LOC_STRINGS = YES;
				SWIFT_VERSION = 5.0;
				TARGETED_DEVICE_FAMILY = "1,2";
			};
			name = Release;
		};
/* End XCBuildConfiguration section */

/* Begin XCConfigurationList section */
		646B5AE52A13728B00D3C6DB /* Build configuration list for PBXProject "be-fresh" */ = {
			isa = XCConfigurationList;
			buildConfigurations = (
				646B5AFB2A13728D00D3C6DB /* Debug */,
				646B5AFC2A13728D00D3C6DB /* Release */,
			);
			defaultConfigurationIsVisible = 0;
			defaultConfigurationName = Release;
		};
		646B5AFD2A13728D00D3C6DB /* Build configuration list for PBXNativeTarget "be-fresh" */ = {
			isa = XCConfigurationList;
			buildConfigurations = (
				646B5AFE2A13728D00D3C6DB /* Debug */,
				646B5AFF2A13728D00D3C6DB /* Release */,
			);
			defaultConfigurationIsVisible = 0;
			defaultConfigurationName = Release;
		};
/* End XCConfigurationList section */

/* Begin XCVersionGroup section */
		646B5AF82A13728D00D3C6DB /* be_fresh.xcdatamodeld */ = {
			isa = XCVersionGroup;
			children = (
				646B5AF92A13728D00D3C6DB /* be_fresh.xcdatamodel */,
			);
			currentVersion = 646B5AF92A13728D00D3C6DB /* be_fresh.xcdatamodel */;
			path = be_fresh.xcdatamodeld;
			sourceTree = "<group>";
			versionGroupType = wrapper.xcdatamodel;
		};
/* End XCVersionGroup section */
	};
	rootObject = 646B5AE22A13728B00D3C6DB /* Project object */;
}
